// !$*UTF8*$!
{
	archiveVersion = 1;
	classes = {
	};
	objectVersion = 46;
	objects = {

/* Begin PBXBuildFile section */
		BEEC32E31B506CE0008BFE44 /* main.m in Sources */ = {isa = PBXBuildFile; fileRef = BEEC32E21B506CE0008BFE44 /* main.m */; };
		BEEC32E61B506CE0008BFE44 /* AppDelegate.m in Sources */ = {isa = PBXBuildFile; fileRef = BEEC32E51B506CE0008BFE44 /* AppDelegate.m */; };
		BEEC32E91B506CE0008BFE44 /* ViewController.m in Sources */ = {isa = PBXBuildFile; fileRef = BEEC32E81B506CE0008BFE44 /* ViewController.m */; };
		BEEC32EC1B506CE0008BFE44 /* Main.storyboard in Resources */ = {isa = PBXBuildFile; fileRef = BEEC32EA1B506CE0008BFE44 /* Main.storyboard */; };
		BEEC32EE1B506CE0008BFE44 /* Images.xcassets in Resources */ = {isa = PBXBuildFile; fileRef = BEEC32ED1B506CE0008BFE44 /* Images.xcassets */; };
		BEEC32F11B506CE0008BFE44 /* LaunchScreen.xib in Resources */ = {isa = PBXBuildFile; fileRef = BEEC32EF1B506CE0008BFE44 /* LaunchScreen.xib */; };
		BEEC32FD1B506CE0008BFE44 /* HTSliderTabBarTests.m in Sources */ = {isa = PBXBuildFile; fileRef = BEEC32FC1B506CE0008BFE44 /* HTSliderTabBarTests.m */; };
/* End PBXBuildFile section */

/* Begin PBXContainerItemProxy section */
		BEEC32F71B506CE0008BFE44 /* PBXContainerItemProxy */ = {
			isa = PBXContainerItemProxy;
			containerPortal = BEEC32D51B506CE0008BFE44 /* Project object */;
			proxyType = 1;
			remoteGlobalIDString = BEEC32DC1B506CE0008BFE44;
			remoteInfo = HTSliderTabBar;
		};
/* End PBXContainerItemProxy section */

/* Begin PBXFileReference section */
		BEEC32DD1B506CE0008BFE44 /* HTSliderTabBar.app */ = {isa = PBXFileReference; explicitFileType = wrapper.application; includeInIndex = 0; path = HTSliderTabBar.app; sourceTree = BUILT_PRODUCTS_DIR; };
		BEEC32E11B506CE0008BFE44 /* Info.plist */ = {isa = PBXFileReference; lastKnownFileType = text.plist.xml; path = Info.plist; sourceTree = "<group>"; };
		BEEC32E21B506CE0008BFE44 /* main.m */ = {isa = PBXFileReference; lastKnownFileType = sourcecode.c.objc; path = main.m; sourceTree = "<group>"; };
		BEEC32E41B506CE0008BFE44 /* AppDelegate.h */ = {isa = PBXFileReference; lastKnownFileType = sourcecode.c.h; path = AppDelegate.h; sourceTree = "<group>"; };
		BEEC32E51B506CE0008BFE44 /* AppDelegate.m */ = {isa = PBXFileReference; lastKnownFileType = sourcecode.c.objc; path = AppDelegate.m; sourceTree = "<group>"; };
		BEEC32E71B506CE0008BFE44 /* ViewController.h */ = {isa = PBXFileReference; lastKnownFileType = sourcecode.c.h; path = ViewController.h; sourceTree = "<group>"; };
		BEEC32E81B506CE0008BFE44 /* ViewController.m */ = {isa = PBXFileReference; lastKnownFileType = sourcecode.c.objc; path = ViewController.m; sourceTree = "<group>"; };
		BEEC32EB1B506CE0008BFE44 /* Base */ = {isa = PBXFileReference; lastKnownFileType = file.storyboard; name = Base; path = Base.lproj/Main.storyboard; sourceTree = "<group>"; };
		BEEC32ED1B506CE0008BFE44 /* Images.xcassets */ = {isa = PBXFileReference; lastKnownFileType = folder.assetcatalog; path = Images.xcassets; sourceTree = "<group>"; };
		BEEC32F01B506CE0008BFE44 /* Base */ = {isa = PBXFileReference; lastKnownFileType = file.xib; name = Base; path = Base.lproj/LaunchScreen.xib; sourceTree = "<group>"; };
		BEEC32F61B506CE0008BFE44 /* HTSliderTabBarTests.xctest */ = {isa = PBXFileReference; explicitFileType = wrapper.cfbundle; includeInIndex = 0; path = HTSliderTabBarTests.xctest; sourceTree = BUILT_PRODUCTS_DIR; };
		BEEC32FB1B506CE0008BFE44 /* Info.plist */ = {isa = PBXFileReference; lastKnownFileType = text.plist.xml; path = Info.plist; sourceTree = "<group>"; };
		BEEC32FC1B506CE0008BFE44 /* HTSliderTabBarTests.m */ = {isa = PBXFileReference; lastKnownFileType = sourcecode.c.objc; path = HTSliderTabBarTests.m; sourceTree = "<group>"; };
/* End PBXFileReference section */

/* Begin PBXFrameworksBuildPhase section */
		BEEC32DA1B506CE0008BFE44 /* Frameworks */ = {
			isa = PBXFrameworksBuildPhase;
			buildActionMask = 2147483647;
			files = (
			);
			runOnlyForDeploymentPostprocessing = 0;
		};
		BEEC32F31B506CE0008BFE44 /* Frameworks */ = {
			isa = PBXFrameworksBuildPhase;
			buildActionMask = 2147483647;
			files = (
			);
			runOnlyForDeploymentPostprocessing = 0;
		};
/* End PBXFrameworksBuildPhase section */

/* Begin PBXGroup section */
		BEEC32D41B506CE0008BFE44 = {
			isa = PBXGroup;
			children = (
				BEEC32DF1B506CE0008BFE44 /* HTSliderTabBar */,
				BEEC32F91B506CE0008BFE44 /* HTSliderTabBarTests */,
				BEEC32DE1B506CE0008BFE44 /* Products */,
			);
			sourceTree = "<group>";
		};
		BEEC32DE1B506CE0008BFE44 /* Products */ = {
			isa = PBXGroup;
			children = (
				BEEC32DD1B506CE0008BFE44 /* HTSliderTabBar.app */,
				BEEC32F61B506CE0008BFE44 /* HTSliderTabBarTests.xctest */,
			);
			name = Products;
			sourceTree = "<group>";
		};
		BEEC32DF1B506CE0008BFE44 /* HTSliderTabBar */ = {
			isa = PBXGroup;
			children = (
				BEEC32E41B506CE0008BFE44 /* AppDelegate.h */,
				BEEC32E51B506CE0008BFE44 /* AppDelegate.m */,
				BEEC32E71B506CE0008BFE44 /* ViewController.h */,
				BEEC32E81B506CE0008BFE44 /* ViewController.m */,
				BEEC32EA1B506CE0008BFE44 /* Main.storyboard */,
				BEEC32ED1B506CE0008BFE44 /* Images.xcassets */,
				BEEC32EF1B506CE0008BFE44 /* LaunchScreen.xib */,
				BEEC32E01B506CE0008BFE44 /* Supporting Files */,
			);
			path = HTSliderTabBar;
			sourceTree = "<group>";
		};
		BEEC32E01B506CE0008BFE44 /* Supporting Files */ = {
			isa = PBXGroup;
			children = (
				BEEC32E11B506CE0008BFE44 /* Info.plist */,
				BEEC32E21B506CE0008BFE44 /* main.m */,
			);
			name = "Supporting Files";
			sourceTree = "<group>";
		};
		BEEC32F91B506CE0008BFE44 /* HTSliderTabBarTests */ = {
			isa = PBXGroup;
			children = (
				BEEC32FC1B506CE0008BFE44 /* HTSliderTabBarTests.m */,
				BEEC32FA1B506CE0008BFE44 /* Supporting Files */,
			);
			path = HTSliderTabBarTests;
			sourceTree = "<group>";
		};
		BEEC32FA1B506CE0008BFE44 /* Supporting Files */ = {
			isa = PBXGroup;
			children = (
				BEEC32FB1B506CE0008BFE44 /* Info.plist */,
			);
			name = "Supporting Files";
			sourceTree = "<group>";
		};
/* End PBXGroup section */

/* Begin PBXNativeTarget section */
		BEEC32DC1B506CE0008BFE44 /* HTSliderTabBar */ = {
			isa = PBXNativeTarget;
			buildConfigurationList = BEEC33001B506CE0008BFE44 /* Build configuration list for PBXNativeTarget "HTSliderTabBar" */;
			buildPhases = (
				BEEC32D91B506CE0008BFE44 /* Sources */,
				BEEC32DA1B506CE0008BFE44 /* Frameworks */,
				BEEC32DB1B506CE0008BFE44 /* Resources */,
			);
			buildRules = (
			);
			dependencies = (
			);
			name = HTSliderTabBar;
			productName = HTSliderTabBar;
			productReference = BEEC32DD1B506CE0008BFE44 /* HTSliderTabBar.app */;
			productType = "com.apple.product-type.application";
		};
		BEEC32F51B506CE0008BFE44 /* HTSliderTabBarTests */ = {
			isa = PBXNativeTarget;
			buildConfigurationList = BEEC33031B506CE0008BFE44 /* Build configuration list for PBXNativeTarget "HTSliderTabBarTests" */;
			buildPhases = (
				BEEC32F21B506CE0008BFE44 /* Sources */,
				BEEC32F31B506CE0008BFE44 /* Frameworks */,
				BEEC32F41B506CE0008BFE44 /* Resources */,
			);
			buildRules = (
			);
			dependencies = (
				BEEC32F81B506CE0008BFE44 /* PBXTargetDependency */,
			);
			name = HTSliderTabBarTests;
			productName = HTSliderTabBarTests;
			productReference = BEEC32F61B506CE0008BFE44 /* HTSliderTabBarTests.xctest */;
			productType = "com.apple.product-type.bundle.unit-test";
		};
/* End PBXNativeTarget section */

/* Begin PBXProject section */
		BEEC32D51B506CE0008BFE44 /* Project object */ = {
			isa = PBXProject;
			attributes = {
				LastUpgradeCheck = 0640;
				ORGANIZATIONNAME = taotao;
				TargetAttributes = {
					BEEC32DC1B506CE0008BFE44 = {
						CreatedOnToolsVersion = 6.4;
					};
					BEEC32F51B506CE0008BFE44 = {
						CreatedOnToolsVersion = 6.4;
						TestTargetID = BEEC32DC1B506CE0008BFE44;
					};
				};
			};
			buildConfigurationList = BEEC32D81B506CE0008BFE44 /* Build configuration list for PBXProject "HTSliderTabBar" */;
			compatibilityVersion = "Xcode 3.2";
			developmentRegion = English;
			hasScannedForEncodings = 0;
			knownRegions = (
				en,
				Base,
			);
			mainGroup = BEEC32D41B506CE0008BFE44;
			productRefGroup = BEEC32DE1B506CE0008BFE44 /* Products */;
			projectDirPath = "";
			projectRoot = "";
			targets = (
				BEEC32DC1B506CE0008BFE44 /* HTSliderTabBar */,
				BEEC32F51B506CE0008BFE44 /* HTSliderTabBarTests */,
			);
		};
/* End PBXProject section */

/* Begin PBXResourcesBuildPhase section */
		BEEC32DB1B506CE0008BFE44 /* Resources */ = {
			isa = PBXResourcesBuildPhase;
			buildActionMask = 2147483647;
			files = (
				BEEC32EC1B506CE0008BFE44 /* Main.storyboard in Resources */,
				BEEC32F11B506CE0008BFE44 /* LaunchScreen.xib in Resources */,
				BEEC32EE1B506CE0008BFE44 /* Images.xcassets in Resources */,
			);
			runOnlyForDeploymentPostprocessing = 0;
		};
		BEEC32F41B506CE0008BFE44 /* Resources */ = {
			isa = PBXResourcesBuildPhase;
			buildActionMask = 2147483647;
			files = (
			);
			runOnlyForDeploymentPostprocessing = 0;
		};
/* End PBXResourcesBuildPhase section */

/* Begin PBXSourcesBuildPhase section */
		BEEC32D91B506CE0008BFE44 /* Sources */ = {
			isa = PBXSourcesBuildPhase;
			buildActionMask = 2147483647;
			files = (
				BEEC32E91B506CE0008BFE44 /* ViewController.m in Sources */,
				BEEC32E61B506CE0008BFE44 /* AppDelegate.m in Sources */,
				BEEC32E31B506CE0008BFE44 /* main.m in Sources */,
			);
			runOnlyForDeploymentPostprocessing = 0;
		};
		BEEC32F21B506CE0008BFE44 /* Sources */ = {
			isa = PBXSourcesBuildPhase;
			buildActionMask = 2147483647;
			files = (
				BEEC32FD1B506CE0008BFE44 /* HTSliderTabBarTests.m in Sources */,
			);
			runOnlyForDeploymentPostprocessing = 0;
		};
/* End PBXSourcesBuildPhase section */

/* Begin PBXTargetDependency section */
		BEEC32F81B506CE0008BFE44 /* PBXTargetDependency */ = {
			isa = PBXTargetDependency;
			target = BEEC32DC1B506CE0008BFE44 /* HTSliderTabBar */;
			targetProxy = BEEC32F71B506CE0008BFE44 /* PBXContainerItemProxy */;
		};
/* End PBXTargetDependency section */

/* Begin PBXVariantGroup section */
		BEEC32EA1B506CE0008BFE44 /* Main.storyboard */ = {
			isa = PBXVariantGroup;
			children = (
				BEEC32EB1B506CE0008BFE44 /* Base */,
			);
			name = Main.storyboard;
			sourceTree = "<group>";
		};
		BEEC32EF1B506CE0008BFE44 /* LaunchScreen.xib */ = {
			isa = PBXVariantGroup;
			children = (
				BEEC32F01B506CE0008BFE44 /* Base */,
			);
			name = LaunchScreen.xib;
			sourceTree = "<group>";
		};
/* End PBXVariantGroup section */

/* Begin XCBuildConfiguration section */
		BEEC32FE1B506CE0008BFE44 /* Debug */ = {
			isa = XCBuildConfiguration;
			buildSettings = {
				ALWAYS_SEARCH_USER_PATHS = NO;
				CLANG_CXX_LANGUAGE_STANDARD = "gnu++0x";
				CLANG_CXX_LIBRARY = "libc++";
				CLANG_ENABLE_MODULES = YES;
				CLANG_ENABLE_OBJC_ARC = YES;
				CLANG_WARN_BOOL_CONVERSION = YES;
				CLANG_WARN_CONSTANT_CONVERSION = YES;
				CLANG_WARN_DIRECT_OBJC_ISA_USAGE = YES_ERROR;
				CLANG_WARN_EMPTY_BODY = YES;
				CLANG_WARN_ENUM_CONVERSION = YES;
				CLANG_WARN_INT_CONVERSION = YES;
				CLANG_WARN_OBJC_ROOT_CLASS = YES_ERROR;
				CLANG_WARN_UNREACHABLE_CODE = YES;
				CLANG_WARN__DUPLICATE_METHOD_MATCH = YES;
				"CODE_SIGN_IDENTITY[sdk=iphoneos*]" = "iPhone Developer";
				COPY_PHASE_STRIP = NO;
				DEBUG_INFORMATION_FORMAT = "dwarf-with-dsym";
				ENABLE_STRICT_OBJC_MSGSEND = YES;
				GCC_C_LANGUAGE_STANDARD = gnu99;
				GCC_DYNAMIC_NO_PIC = NO;
				GCC_NO_COMMON_BLOCKS = YES;
				GCC_OPTIMIZATION_LEVEL = 0;
				GCC_PREPROCESSOR_DEFINITIONS = (
					"DEBUG=1",
					"$(inherited)",
				);
				GCC_SYMBOLS_PRIVATE_EXTERN = NO;
				GCC_WARN_64_TO_32_BIT_CONVERSION = YES;
				GCC_WARN_ABOUT_RETURN_TYPE = YES_ERROR;
				GCC_WARN_UNDECLARED_SELECTOR = YES;
				GCC_WARN_UNINITIALIZED_AUTOS = YES_AGGRESSIVE;
				GCC_WARN_UNUSED_FUNCTION = YES;
				GCC_WARN_UNUSED_VARIABLE = YES;
				IPHONEOS_DEPLOYMENT_TARGET = 8.4;
				MTL_ENABLE_DEBUG_INFO = YES;
				ONLY_ACTIVE_ARCH = YES;
				SDKROOT = iphoneos;
				TARGETED_DEVICE_FAMILY = "1,2";
			};
			name = Debug;
		};
		BEEC32FF1B506CE0008BFE44 /* Release */ = {
			isa = XCBuildConfiguration;
			buildSettings = {
				ALWAYS_SEARCH_USER_PATHS = NO;
				CLANG_CXX_LANGUAGE_STANDARD = "gnu++0x";
				CLANG_CXX_LIBRARY = "libc++";
				CLANG_ENABLE_MODULES = YES;
				CLANG_ENABLE_OBJC_ARC = YES;
				CLANG_WARN_BOOL_CONVERSION = YES;
				CLANG_WARN_CONSTANT_CONVERSION = YES;
				CLANG_WARN_DIRECT_OBJC_ISA_USAGE = YES_ERROR;
				CLANG_WARN_EMPTY_BODY = YES;
				CLANG_WARN_ENUM_CONVERSION = YES;
				CLANG_WARN_INT_CONVERSION = YES;
				CLANG_WARN_OBJC_ROOT_CLASS = YES_ERROR;
				CLANG_WARN_UNREACHABLE_CODE = YES;
				CLANG_WARN__DUPLICATE_METHOD_MATCH = YES;
				"CODE_SIGN_IDENTITY[sdk=iphoneos*]" = "iPhone Developer";
				COPY_PHASE_STRIP = NO;
				DEBUG_INFORMATION_FORMAT = "dwarf-with-dsym";
				ENABLE_NS_ASSERTIONS = NO;
				ENABLE_STRICT_OBJC_MSGSEND = YES;
				GCC_C_LANGUAGE_STANDARD = gnu99;
				GCC_NO_COMMON_BLOCKS = YES;
				GCC_WARN_64_TO_32_BIT_CONVERSION = YES;
				GCC_WARN_ABOUT_RETURN_TYPE = YES_ERROR;
				GCC_WARN_UNDECLARED_SELECTOR = YES;
				GCC_WARN_UNINITIALIZED_AUTOS = YES_AGGRESSIVE;
				GCC_WARN_UNUSED_FUNCTION = YES;
				GCC_WARN_UNUSED_VARIABLE = YES;
				IPHONEOS_DEPLOYMENT_TARGET = 8.4;
				MTL_ENABLE_DEBUG_INFO = NO;
				SDKROOT = iphoneos;
				TARGETED_DEVICE_FAMILY = "1,2";
				VALIDATE_PRODUCT = YES;
			};
			name = Release;
		};
		BEEC33011B506CE0008BFE44 /* Debug */ = {
			isa = XCBuildConfiguration;
			buildSettings = {
				ASSETCATALOG_COMPILER_APPICON_NAME = AppIcon;
				INFOPLIST_FILE = HTSliderTabBar/Info.plist;
				LD_RUNPATH_SEARCH_PATHS = "$(inherited) @executable_path/Frameworks";
				PRODUCT_NAME = "$(TARGET_NAME)";
			};
			name = Debug;
		};
		BEEC33021B506CE0008BFE44 /* Release */ = {
			isa = XCBuildConfiguration;
			buildSettings = {
				ASSETCATALOG_COMPILER_APPICON_NAME = AppIcon;
				INFOPLIST_FILE = HTSliderTabBar/Info.plist;
				LD_RUNPATH_SEARCH_PATHS = "$(inherited) @executable_path/Frameworks";
				PRODUCT_NAME = "$(TARGET_NAME)";
			};
			name = Release;
		};
		BEEC33041B506CE0008BFE44 /* Debug */ = {
			isa = XCBuildConfiguration;
			buildSettings = {
				BUNDLE_LOADER = "$(TEST_HOST)";
				FRAMEWORK_SEARCH_PATHS = (
					"$(SDKROOT)/Developer/Library/Frameworks",
					"$(inherited)",
				);
				GCC_PREPROCESSOR_DEFINITIONS = (
					"DEBUG=1",
					"$(inherited)",
				);
				INFOPLIST_FILE = HTSliderTabBarTests/Info.plist;
				LD_RUNPATH_SEARCH_PATHS = "$(inherited) @executable_path/Frameworks @loader_path/Frameworks";
				PRODUCT_NAME = "$(TARGET_NAME)";
				TEST_HOST = "$(BUILT_PRODUCTS_DIR)/HTSliderTabBar.app/HTSliderTabBar";
			};
			name = Debug;
		};
		BEEC33051B506CE0008BFE44 /* Release */ = {
			isa = XCBuildConfiguration;
			buildSettings = {
				BUNDLE_LOADER = "$(TEST_HOST)";
				FRAMEWORK_SEARCH_PATHS = (
					"$(SDKROOT)/Developer/Library/Frameworks",
					"$(inherited)",
				);
				INFOPLIST_FILE = HTSliderTabBarTests/Info.plist;
				LD_RUNPATH_SEARCH_PATHS = "$(inherited) @executable_path/Frameworks @loader_path/Frameworks";
				PRODUCT_NAME = "$(TARGET_NAME)";
				TEST_HOST = "$(BUILT_PRODUCTS_DIR)/HTSliderTabBar.app/HTSliderTabBar";
			};
			name = Release;
		};
/* End XCBuildConfiguration section */

/* Begin XCConfigurationList section */
		BEEC32D81B506CE0008BFE44 /* Build configuration list for PBXProject "HTSliderTabBar" */ = {
			isa = XCConfigurationList;
			buildConfigurations = (
				BEEC32FE1B506CE0008BFE44 /* Debug */,
				BEEC32FF1B506CE0008BFE44 /* Release */,
			);
			defaultConfigurationIsVisible = 0;
			defaultConfigurationName = Release;
		};
		BEEC33001B506CE0008BFE44 /* Build configuration list for PBXNativeTarget "HTSliderTabBar" */ = {
			isa = XCConfigurationList;
			buildConfigurations = (
				BEEC33011B506CE0008BFE44 /* Debug */,
				BEEC33021B506CE0008BFE44 /* Release */,
			);
			defaultConfigurationIsVisible = 0;
		};
		BEEC33031B506CE0008BFE44 /* Build configuration list for PBXNativeTarget "HTSliderTabBarTests" */ = {
			isa = XCConfigurationList;
			buildConfigurations = (
				BEEC33041B506CE0008BFE44 /* Debug */,
				BEEC33051B506CE0008BFE44 /* Release */,
			);
			defaultConfigurationIsVisible = 0;
		};
/* End XCConfigurationList section */
	};
	rootObject = BEEC32D51B506CE0008BFE44 /* Project object */;
}
